github.com/criyle/go-sandbox v0.0.0-20190902024918-1df3228aec4d h1:JpdxvAKkHYskHPGuVm7hPnndOBuCygkOxc1p8V1rPeI=
github.com/criyle/go-sandbox v0.0.0-20190902024918-1df3228aec4d/go.mod h1:RZ6jui4DXDFZHojTt5pNxr6FXUbCcW+TLITDSANJllk=
github.com/seccomp/libseccomp-golang v0.9.1/go.mod h1:GbW5+tmTXfcxTToHLXlScSlAvWlF4P2Ca7zGrPiEpWo=
golang.org/x/sys v0.0.0-20190830142957-1e83adbbebd0 h1:7z820YPX9pxWR59qM7BE5+fglp4D/mKqAwCvGt11b+8=
golang.org/x/sys v0.0.0-20190830142957-1e83adbbebd0/go.mod h1:h1NjWce9XRLGQEsW7wpKNCjG9DtNlClVuFLEZdDNbEs=
