github.com/criyle/go-sandbox v0.0.0-20191014070058-6e46a732897f h1:5PNJaA2V/NVR98BegmbYW2g5pHdiX3b1iXdaV/fPA9M=
github.com/criyle/go-sandbox v0.0.0-20191014070058-6e46a732897f/go.mod h1:q6ywqlRA0V2VxWo9E+dQkzK2s5mHyq2GXHtF8oZq+mI=
github.com/seccomp/libseccomp-golang v0.9.1/go.mod h1:GbW5+tmTXfcxTToHLXlScSlAvWlF4P2Ca7zGrPiEpWo=
golang.org/x/sys v0.0.0-20191010194322-b09406accb47 h1:/XfQ9z7ib8eEJX2hdgFTZJ/ntt0swNk5oYBziWeTCvY=
golang.org/x/sys v0.0.0-20191010194322-b09406accb47/go.mod h1:h1NjWce9XRLGQEsW7wpKNCjG9DtNlClVuFLEZdDNbEs=
