# THIS IS AN AUTOGENERATED FILE. DO NOT EDIT THIS FILE DIRECTLY.
# yarn lockfile v1


hydro-build@^0.1.0:
  version "0.1.0"
  resolved "https://registry.yarnpkg.com/hydro-build/-/hydro-build-0.1.0.tgz#7519eaf88d69ffeb79f3f7fa628d724376d69a68"
  integrity sha512-AzrK02MEMV0BbLuoXyBVsDOWD1BF5AhDGM0+INrNFjt4DCKPCS1yM87yYiPUDBS7STvVRnlIhvrAGCHiUc6lnw==
